
Microsoft Visual Studio Solution File, Format Version 12.00
# Visual Studio 15
VisualStudioVersion = 15.0.27703.2026
MinimumVisualStudioVersion = 10.0.40219.1
Project("{FAE04EC0-301F-11D3-BF4B-00C04F79EFBC}") = "A While Loop Example", "A While Loop Example\A While Loop Example.csproj", "{854F867F-58C9-44C2-B38C-115B62A29782}"
EndProject
Global
	GlobalSection(SolutionConfigurationPlatforms) = preSolution
		Debug|Any CPU = Debug|Any CPU
		Release|Any CPU = Release|Any CPU
	EndGlobalSection
	GlobalSection(ProjectConfigurationPlatforms) = postSolution
		{854F867F-58C9-44C2-B38C-115B62A29782}.Debug|Any CPU.ActiveCfg = Debug|Any CPU
		{854F867F-58C9-44C2-B38C-115B62A29782}.Debug|Any CPU.Build.0 = Debug|Any CPU
		{854F867F-58C9-44C2-B38C-115B62A29782}.Release|Any CPU.ActiveCfg = Release|Any CPU
		{854F867F-58C9-44C2-B38C-115B62A29782}.Release|Any CPU.Build.0 = Release|Any CPU
	EndGlobalSection
	GlobalSection(SolutionProperties) = preSolution
		HideSolutionNode = FALSE
	EndGlobalSection
	GlobalSection(ExtensibilityGlobals) = postSolution
		SolutionGuid = {358511BD-20EC-4665-9D07-8421E141F1B1}
	EndGlobalSection
EndGlobal
